
Microsoft Visual Studio Solution File, Format Version 12.00
# Visual Studio Version 17
VisualStudioVersion = 17.4.33110.190
MinimumVisualStudioVersion = 10.0.40219.1
Project("{FAE04EC0-301F-11D3-BF4B-00C04F79EFBC}") = "pr2", "pr2\pr2.csproj", "{54E22EE0-66E2-4612-8EBF-CB135FE7752E}"
EndProject
Global
	GlobalSection(SolutionConfigurationPlatforms) = preSolution
		Debug|Any CPU = Debug|Any CPU
		Release|Any CPU = Release|Any CPU
	EndGlobalSection
	GlobalSection(ProjectConfigurationPlatforms) = postSolution
		{54E22EE0-66E2-4612-8EBF-CB135FE7752E}.Debug|Any CPU.ActiveCfg = Debug|Any CPU
		{54E22EE0-66E2-4612-8EBF-CB135FE7752E}.Debug|Any CPU.Build.0 = Debug|Any CPU
		{54E22EE0-66E2-4612-8EBF-CB135FE7752E}.Release|Any CPU.ActiveCfg = Release|Any CPU
		{54E22EE0-66E2-4612-8EBF-CB135FE7752E}.Release|Any CPU.Build.0 = Release|Any CPU
	EndGlobalSection
	GlobalSection(SolutionProperties) = preSolution
		HideSolutionNode = FALSE
	EndGlobalSection
	GlobalSection(ExtensibilityGlobals) = postSolution
		SolutionGuid = {76D0CC1E-4515-4C6D-A461-C6E7F2E0D914}
	EndGlobalSection
EndGlobal
